
Microsoft Visual Studio Solution File, Format Version 12.00
# Visual Studio Version 17
VisualStudioVersion = 17.2.32519.379
MinimumVisualStudioVersion = 10.0.40219.1
Project("{FAE04EC0-301F-11D3-BF4B-00C04F79EFBC}") = "VGTB_SHOP_LIST", "VGTB_SHOP_LIST\VGTB_SHOP_LIST.csproj", "{B9B8231C-E2CA-4A5E-BAD5-0EC1B4D4E8DC}"
EndProject
Global
	GlobalSection(SolutionConfigurationPlatforms) = preSolution
		Debug|Any CPU = Debug|Any CPU
		Release|Any CPU = Release|Any CPU
	EndGlobalSection
	GlobalSection(ProjectConfigurationPlatforms) = postSolution
		{B9B8231C-E2CA-4A5E-BAD5-0EC1B4D4E8DC}.Debug|Any CPU.ActiveCfg = Debug|Any CPU
		{B9B8231C-E2CA-4A5E-BAD5-0EC1B4D4E8DC}.Debug|Any CPU.Build.0 = Debug|Any CPU
		{B9B8231C-E2CA-4A5E-BAD5-0EC1B4D4E8DC}.Release|Any CPU.ActiveCfg = Release|Any CPU
		{B9B8231C-E2CA-4A5E-BAD5-0EC1B4D4E8DC}.Release|Any CPU.Build.0 = Release|Any CPU
	EndGlobalSection
	GlobalSection(SolutionProperties) = preSolution
		HideSolutionNode = FALSE
	EndGlobalSection
	GlobalSection(ExtensibilityGlobals) = postSolution
		SolutionGuid = {3CE0FEFC-456C-462F-8D71-C81DB2CF2DCF}
	EndGlobalSection
EndGlobal
